
Microsoft Visual Studio Solution File, Format Version 12.00
# Visual Studio Version 17
VisualStudioVersion = 17.0.31903.59
MinimumVisualStudioVersion = 10.0.40219.1
Project("{FAE04EC0-301F-11D3-BF4B-00C04F79EFBC}") = "MyWebApp.Web", "MyWebApp.Web\MyWebApp.Web.csproj", "{5AB2F381-41B8-4189-8BA9-49380F70F454}"
EndProject
Project("{FAE04EC0-301F-11D3-BF4B-00C04F79EFBC}") = "MyWebApp.Api", "MyWebApp.Api\MyWebApp.Api.csproj", "{746F9230-6D93-47B2-B1CA-82C162C551D4}"
EndProject
Project("{FAE04EC0-301F-11D3-BF4B-00C04F79EFBC}") = "MyWebApp.Mvc", "MyWebApp.Mvc\MyWebApp.Mvc.csproj", "{963DFCA3-5599-4EC0-A500-E96D1B20FE34}"
EndProject
Project("{FAE04EC0-301F-11D3-BF4B-00C04F79EFBC}") = "MyWebApp.Services", "MyWebApp.Services\MyWebApp.Services.csproj", "{222C422D-E410-4091-ADD2-F61BD6DCC146}"
EndProject
Project("{FAE04EC0-301F-11D3-BF4B-00C04F79EFBC}") = "MyWebApp.Models", "MyWebApp.Models\MyWebApp.Models.csproj", "{3F1C54C1-CA88-4C92-B428-89A77A331277}"
EndProject
Project("{FAE04EC0-301F-11D3-BF4B-00C04F79EFBC}") = "MyWebApp.Data", "MyWebApp.Data\MyWebApp.Data.csproj", "{27BF52D5-930B-4EEA-B3C9-3B9464F028F3}"
EndProject
Global
	GlobalSection(SolutionConfigurationPlatforms) = preSolution
		Debug|Any CPU = Debug|Any CPU
		Release|Any CPU = Release|Any CPU
	EndGlobalSection
	GlobalSection(SolutionProperties) = preSolution
		HideSolutionNode = FALSE
	EndGlobalSection
	GlobalSection(ProjectConfigurationPlatforms) = postSolution
		{5AB2F381-41B8-4189-8BA9-49380F70F454}.Debug|Any CPU.ActiveCfg = Debug|Any CPU
		{5AB2F381-41B8-4189-8BA9-49380F70F454}.Debug|Any CPU.Build.0 = Debug|Any CPU
		{5AB2F381-41B8-4189-8BA9-49380F70F454}.Release|Any CPU.ActiveCfg = Release|Any CPU
		{5AB2F381-41B8-4189-8BA9-49380F70F454}.Release|Any CPU.Build.0 = Release|Any CPU
		{746F9230-6D93-47B2-B1CA-82C162C551D4}.Debug|Any CPU.ActiveCfg = Debug|Any CPU
		{746F9230-6D93-47B2-B1CA-82C162C551D4}.Debug|Any CPU.Build.0 = Debug|Any CPU
		{746F9230-6D93-47B2-B1CA-82C162C551D4}.Release|Any CPU.ActiveCfg = Release|Any CPU
		{746F9230-6D93-47B2-B1CA-82C162C551D4}.Release|Any CPU.Build.0 = Release|Any CPU
		{963DFCA3-5599-4EC0-A500-E96D1B20FE34}.Debug|Any CPU.ActiveCfg = Debug|Any CPU
		{963DFCA3-5599-4EC0-A500-E96D1B20FE34}.Debug|Any CPU.Build.0 = Debug|Any CPU
		{963DFCA3-5599-4EC0-A500-E96D1B20FE34}.Release|Any CPU.ActiveCfg = Release|Any CPU
		{963DFCA3-5599-4EC0-A500-E96D1B20FE34}.Release|Any CPU.Build.0 = Release|Any CPU
		{222C422D-E410-4091-ADD2-F61BD6DCC146}.Debug|Any CPU.ActiveCfg = Debug|Any CPU
		{222C422D-E410-4091-ADD2-F61BD6DCC146}.Debug|Any CPU.Build.0 = Debug|Any CPU
		{222C422D-E410-4091-ADD2-F61BD6DCC146}.Release|Any CPU.ActiveCfg = Release|Any CPU
		{222C422D-E410-4091-ADD2-F61BD6DCC146}.Release|Any CPU.Build.0 = Release|Any CPU
		{3F1C54C1-CA88-4C92-B428-89A77A331277}.Debug|Any CPU.ActiveCfg = Debug|Any CPU
		{3F1C54C1-CA88-4C92-B428-89A77A331277}.Debug|Any CPU.Build.0 = Debug|Any CPU
		{3F1C54C1-CA88-4C92-B428-89A77A331277}.Release|Any CPU.ActiveCfg = Release|Any CPU
		{3F1C54C1-CA88-4C92-B428-89A77A331277}.Release|Any CPU.Build.0 = Release|Any CPU
		{27BF52D5-930B-4EEA-B3C9-3B9464F028F3}.Debug|Any CPU.ActiveCfg = Debug|Any CPU
		{27BF52D5-930B-4EEA-B3C9-3B9464F028F3}.Debug|Any CPU.Build.0 = Debug|Any CPU
		{27BF52D5-930B-4EEA-B3C9-3B9464F028F3}.Release|Any CPU.ActiveCfg = Release|Any CPU
		{27BF52D5-930B-4EEA-B3C9-3B9464F028F3}.Release|Any CPU.Build.0 = Release|Any CPU
	EndGlobalSection
EndGlobal
